
Microsoft Visual Studio Solution File, Format Version 12.00
# Visual Studio Version 17
VisualStudioVersion = 17.4.33213.308
MinimumVisualStudioVersion = 10.0.40219.1
Project("{9A19103F-16F7-4668-BE54-9A1E7A4F7556}") = "DISS-RNG", "DISS-RNG\DISS-RNG.csproj", "{33470D53-E54E-49A8-B9D2-B9FAA9B24B16}"
EndProject
Project("{9A19103F-16F7-4668-BE54-9A1E7A4F7556}") = "DISS-RNG-Tests", "DISS-RNG-Tests\DISS-RNG-Tests.csproj", "{D1C1EB4E-97B3-43BA-8355-0C19362BEBDD}"
EndProject
Project("{9A19103F-16F7-4668-BE54-9A1E7A4F7556}") = "DISS-HelperClasses", "DISS-HelperClasses\DISS-HelperClasses.csproj", "{23ECD654-AEB7-4E6C-A511-82909C76C680}"
EndProject
Project("{9A19103F-16F7-4668-BE54-9A1E7A4F7556}") = "DISS-MonteCarloCore", "DISS-MonteCarloCore\DISS-MonteCarloCore.csproj", "{716518C4-1526-468D-867E-93CE64216542}"
EndProject
Project("{FAE04EC0-301F-11D3-BF4B-00C04F79EFBC}") = "DISS-JanModelPozicky", "DISS-JanModelPozicky\DISS-JanModelPozicky.csproj", "{77463FA9-A5BC-4F7A-85F0-9C3AAF955899}"
EndProject
Project("{FAE04EC0-301F-11D3-BF4B-00C04F79EFBC}") = "DISS-EventSimulationCore", "DISS-EventSimulationCore\DISS-EventSimulationCore.csproj", "{45411EAF-1F4F-4BB8-899C-0F337727EC08}"
EndProject
Project("{FAE04EC0-301F-11D3-BF4B-00C04F79EFBC}") = "DISS-NovinovyStanok", "DISS-NovinovyStanok\DISS-NovinovyStanok.csproj", "{81ACC593-2B32-42A4-8B82-AF9AE32BDB1A}"
EndProject
Global
	GlobalSection(SolutionConfigurationPlatforms) = preSolution
		Debug|Any CPU = Debug|Any CPU
		Release|Any CPU = Release|Any CPU
	EndGlobalSection
	GlobalSection(ProjectConfigurationPlatforms) = postSolution
		{33470D53-E54E-49A8-B9D2-B9FAA9B24B16}.Debug|Any CPU.ActiveCfg = Debug|Any CPU
		{33470D53-E54E-49A8-B9D2-B9FAA9B24B16}.Debug|Any CPU.Build.0 = Debug|Any CPU
		{33470D53-E54E-49A8-B9D2-B9FAA9B24B16}.Release|Any CPU.ActiveCfg = Release|Any CPU
		{33470D53-E54E-49A8-B9D2-B9FAA9B24B16}.Release|Any CPU.Build.0 = Release|Any CPU
		{D1C1EB4E-97B3-43BA-8355-0C19362BEBDD}.Debug|Any CPU.ActiveCfg = Debug|Any CPU
		{D1C1EB4E-97B3-43BA-8355-0C19362BEBDD}.Debug|Any CPU.Build.0 = Debug|Any CPU
		{D1C1EB4E-97B3-43BA-8355-0C19362BEBDD}.Release|Any CPU.ActiveCfg = Release|Any CPU
		{D1C1EB4E-97B3-43BA-8355-0C19362BEBDD}.Release|Any CPU.Build.0 = Release|Any CPU
		{23ECD654-AEB7-4E6C-A511-82909C76C680}.Debug|Any CPU.ActiveCfg = Debug|Any CPU
		{23ECD654-AEB7-4E6C-A511-82909C76C680}.Debug|Any CPU.Build.0 = Debug|Any CPU
		{23ECD654-AEB7-4E6C-A511-82909C76C680}.Release|Any CPU.ActiveCfg = Release|Any CPU
		{23ECD654-AEB7-4E6C-A511-82909C76C680}.Release|Any CPU.Build.0 = Release|Any CPU
		{716518C4-1526-468D-867E-93CE64216542}.Debug|Any CPU.ActiveCfg = Debug|Any CPU
		{716518C4-1526-468D-867E-93CE64216542}.Debug|Any CPU.Build.0 = Debug|Any CPU
		{716518C4-1526-468D-867E-93CE64216542}.Release|Any CPU.ActiveCfg = Release|Any CPU
		{716518C4-1526-468D-867E-93CE64216542}.Release|Any CPU.Build.0 = Release|Any CPU
		{77463FA9-A5BC-4F7A-85F0-9C3AAF955899}.Debug|Any CPU.ActiveCfg = Debug|Any CPU
		{77463FA9-A5BC-4F7A-85F0-9C3AAF955899}.Debug|Any CPU.Build.0 = Debug|Any CPU
		{77463FA9-A5BC-4F7A-85F0-9C3AAF955899}.Release|Any CPU.ActiveCfg = Release|Any CPU
		{77463FA9-A5BC-4F7A-85F0-9C3AAF955899}.Release|Any CPU.Build.0 = Release|Any CPU
		{45411EAF-1F4F-4BB8-899C-0F337727EC08}.Debug|Any CPU.ActiveCfg = Debug|Any CPU
		{45411EAF-1F4F-4BB8-899C-0F337727EC08}.Debug|Any CPU.Build.0 = Debug|Any CPU
		{45411EAF-1F4F-4BB8-899C-0F337727EC08}.Release|Any CPU.ActiveCfg = Release|Any CPU
		{45411EAF-1F4F-4BB8-899C-0F337727EC08}.Release|Any CPU.Build.0 = Release|Any CPU
		{81ACC593-2B32-42A4-8B82-AF9AE32BDB1A}.Debug|Any CPU.ActiveCfg = Debug|Any CPU
		{81ACC593-2B32-42A4-8B82-AF9AE32BDB1A}.Debug|Any CPU.Build.0 = Debug|Any CPU
		{81ACC593-2B32-42A4-8B82-AF9AE32BDB1A}.Release|Any CPU.ActiveCfg = Release|Any CPU
		{81ACC593-2B32-42A4-8B82-AF9AE32BDB1A}.Release|Any CPU.Build.0 = Release|Any CPU
	EndGlobalSection
	GlobalSection(SolutionProperties) = preSolution
		HideSolutionNode = FALSE
	EndGlobalSection
	GlobalSection(ExtensibilityGlobals) = postSolution
		SolutionGuid = {69E60BE6-5718-4793-A067-12B7B03993A1}
	EndGlobalSection
EndGlobal
