
Microsoft Visual Studio Solution File, Format Version 12.00
# Visual Studio Version 17
VisualStudioVersion = 17.4.33213.308
MinimumVisualStudioVersion = 10.0.40219.1
Project("{9A19103F-16F7-4668-BE54-9A1E7A4F7556}") = "DISS-RNG", "DISS-RNG\DISS-RNG.csproj", "{33470D53-E54E-49A8-B9D2-B9FAA9B24B16}"
EndProject
Project("{9A19103F-16F7-4668-BE54-9A1E7A4F7556}") = "DISS-HelperClasses", "DISS-HelperClasses\DISS-HelperClasses.csproj", "{23ECD654-AEB7-4E6C-A511-82909C76C680}"
EndProject
Project("{9A19103F-16F7-4668-BE54-9A1E7A4F7556}") = "DISS-Model-AgentElektrokomponenty", "DISS-Model-AgentElektrokomponenty\DISS-Model-AgentElektrokomponenty.csproj", "{EA930B22-DC68-40FF-A8A1-40D74886E221}"
EndProject
Project("{FAE04EC0-301F-11D3-BF4B-00C04F79EFBC}") = "DISS-S3-Elektrokomponenty", "DISS-S3-Elektrokomponenty\DISS-S3-Elektrokomponenty.csproj", "{C8474C09-31EF-465E-A538-8877009A00F6}"
EndProject
Global
	GlobalSection(SolutionConfigurationPlatforms) = preSolution
		Debug|Any CPU = Debug|Any CPU
		Release|Any CPU = Release|Any CPU
	EndGlobalSection
	GlobalSection(ProjectConfigurationPlatforms) = postSolution
		{33470D53-E54E-49A8-B9D2-B9FAA9B24B16}.Debug|Any CPU.ActiveCfg = Debug|Any CPU
		{33470D53-E54E-49A8-B9D2-B9FAA9B24B16}.Debug|Any CPU.Build.0 = Debug|Any CPU
		{33470D53-E54E-49A8-B9D2-B9FAA9B24B16}.Release|Any CPU.ActiveCfg = Release|Any CPU
		{33470D53-E54E-49A8-B9D2-B9FAA9B24B16}.Release|Any CPU.Build.0 = Release|Any CPU
		{23ECD654-AEB7-4E6C-A511-82909C76C680}.Debug|Any CPU.ActiveCfg = Debug|Any CPU
		{23ECD654-AEB7-4E6C-A511-82909C76C680}.Debug|Any CPU.Build.0 = Debug|Any CPU
		{23ECD654-AEB7-4E6C-A511-82909C76C680}.Release|Any CPU.ActiveCfg = Release|Any CPU
		{23ECD654-AEB7-4E6C-A511-82909C76C680}.Release|Any CPU.Build.0 = Release|Any CPU
		{EA930B22-DC68-40FF-A8A1-40D74886E221}.Debug|Any CPU.ActiveCfg = Debug|Any CPU
		{EA930B22-DC68-40FF-A8A1-40D74886E221}.Debug|Any CPU.Build.0 = Debug|Any CPU
		{EA930B22-DC68-40FF-A8A1-40D74886E221}.Release|Any CPU.ActiveCfg = Release|Any CPU
		{EA930B22-DC68-40FF-A8A1-40D74886E221}.Release|Any CPU.Build.0 = Release|Any CPU
		{C8474C09-31EF-465E-A538-8877009A00F6}.Debug|Any CPU.ActiveCfg = Debug|Any CPU
		{C8474C09-31EF-465E-A538-8877009A00F6}.Debug|Any CPU.Build.0 = Debug|Any CPU
		{C8474C09-31EF-465E-A538-8877009A00F6}.Release|Any CPU.ActiveCfg = Release|Any CPU
		{C8474C09-31EF-465E-A538-8877009A00F6}.Release|Any CPU.Build.0 = Release|Any CPU
	EndGlobalSection
	GlobalSection(SolutionProperties) = preSolution
		HideSolutionNode = FALSE
	EndGlobalSection
	GlobalSection(ExtensibilityGlobals) = postSolution
		SolutionGuid = {69E60BE6-5718-4793-A067-12B7B03993A1}
	EndGlobalSection
EndGlobal
